
Microsoft Visual Studio Solution File, Format Version 12.00
# Visual Studio Version 17
VisualStudioVersion = 17.1.32210.238
MinimumVisualStudioVersion = 10.0.40219.1
Project("{FAE04EC0-301F-11D3-BF4B-00C04F79EFBC}") = "ex3", "ex3\ex3.csproj", "{F7EF9864-776E-42E5-8276-BB3B2283FA01}"
EndProject
Global
	GlobalSection(SolutionConfigurationPlatforms) = preSolution
		Debug|Any CPU = Debug|Any CPU
		Release|Any CPU = Release|Any CPU
	EndGlobalSection
	GlobalSection(ProjectConfigurationPlatforms) = postSolution
		{F7EF9864-776E-42E5-8276-BB3B2283FA01}.Debug|Any CPU.ActiveCfg = Debug|Any CPU
		{F7EF9864-776E-42E5-8276-BB3B2283FA01}.Debug|Any CPU.Build.0 = Debug|Any CPU
		{F7EF9864-776E-42E5-8276-BB3B2283FA01}.Release|Any CPU.ActiveCfg = Release|Any CPU
		{F7EF9864-776E-42E5-8276-BB3B2283FA01}.Release|Any CPU.Build.0 = Release|Any CPU
	EndGlobalSection
	GlobalSection(SolutionProperties) = preSolution
		HideSolutionNode = FALSE
	EndGlobalSection
	GlobalSection(ExtensibilityGlobals) = postSolution
		SolutionGuid = {1B35A3CC-334B-4659-A0E5-BB88BE1C55A2}
	EndGlobalSection
EndGlobal
